
Microsoft Visual Studio Solution File, Format Version 12.00
# Visual Studio Version 16
VisualStudioVersion = 16.0.29806.167
MinimumVisualStudioVersion = 10.0.40219.1
Project("{2150E333-8FDC-42A3-9474-1A3956D46DE8}") = "src", "src", "{966F6F3F-DCC9-419E-9272-69BC4EF316E1}"
EndProject
Project("{2150E333-8FDC-42A3-9474-1A3956D46DE8}") = "tests", "tests", "{0AF98CE5-4505-4023-82E6-74F773D34C3E}"
EndProject
Project("{9A19103F-16F7-4668-BE54-9A1E7A4F7556}") = "Extensions.DependencyInjection.Abstractions", "src\Extensions.DependencyInjection.Abstractions\Extensions.DependencyInjection.Abstractions.csproj", "{CD08AE72-7F29-4166-8FDA-94771CC55B3A}"
EndProject
Project("{9A19103F-16F7-4668-BE54-9A1E7A4F7556}") = "Extensions.DependencyInjection.Proxies", "src\Extensions.DependencyInjection.Proxies\Extensions.DependencyInjection.Proxies.csproj", "{B2A7096F-95D3-4EFA-AFE1-6477AE78CAE0}"
EndProject
Project("{9A19103F-16F7-4668-BE54-9A1E7A4F7556}") = "Extensions.DependencyInjection.Tests", "tests\Extensions.DependencyInjection.Tests\Extensions.DependencyInjection.Tests.csproj", "{4E476500-3CD6-4744-B0AE-D69DC400CAB4}"
EndProject
Project("{2150E333-8FDC-42A3-9474-1A3956D46DE8}") = "Solution Items", "Solution Items", "{F6ABACB8-5EF0-4589-AF96-0BA87134AF9F}"
	ProjectSection(SolutionItems) = preProject
		.gitignore = .gitignore
		LICENSE.md = LICENSE.md
		README.md = README.md
	EndProjectSection
EndProject
Project("{2150E333-8FDC-42A3-9474-1A3956D46DE8}") = ".nuget", ".nuget", "{8E7F1584-0E3D-4FE9-B28B-E6D697489D18}"
	ProjectSection(SolutionItems) = preProject
		.nuget\NuGet.Config = .nuget\NuGet.Config
		.nuget\nuget.exe = .nuget\nuget.exe
		.nuget\NuGet.targets = .nuget\NuGet.targets
	EndProjectSection
EndProject
Global
	GlobalSection(SolutionConfigurationPlatforms) = preSolution
		Debug|Any CPU = Debug|Any CPU
		Release|Any CPU = Release|Any CPU
	EndGlobalSection
	GlobalSection(ProjectConfigurationPlatforms) = postSolution
		{CD08AE72-7F29-4166-8FDA-94771CC55B3A}.Debug|Any CPU.ActiveCfg = Debug|Any CPU
		{CD08AE72-7F29-4166-8FDA-94771CC55B3A}.Debug|Any CPU.Build.0 = Debug|Any CPU
		{CD08AE72-7F29-4166-8FDA-94771CC55B3A}.Release|Any CPU.ActiveCfg = Release|Any CPU
		{CD08AE72-7F29-4166-8FDA-94771CC55B3A}.Release|Any CPU.Build.0 = Release|Any CPU
		{B2A7096F-95D3-4EFA-AFE1-6477AE78CAE0}.Debug|Any CPU.ActiveCfg = Debug|Any CPU
		{B2A7096F-95D3-4EFA-AFE1-6477AE78CAE0}.Debug|Any CPU.Build.0 = Debug|Any CPU
		{B2A7096F-95D3-4EFA-AFE1-6477AE78CAE0}.Release|Any CPU.ActiveCfg = Release|Any CPU
		{B2A7096F-95D3-4EFA-AFE1-6477AE78CAE0}.Release|Any CPU.Build.0 = Release|Any CPU
		{4E476500-3CD6-4744-B0AE-D69DC400CAB4}.Debug|Any CPU.ActiveCfg = Debug|Any CPU
		{4E476500-3CD6-4744-B0AE-D69DC400CAB4}.Debug|Any CPU.Build.0 = Debug|Any CPU
		{4E476500-3CD6-4744-B0AE-D69DC400CAB4}.Release|Any CPU.ActiveCfg = Release|Any CPU
		{4E476500-3CD6-4744-B0AE-D69DC400CAB4}.Release|Any CPU.Build.0 = Release|Any CPU
	EndGlobalSection
	GlobalSection(SolutionProperties) = preSolution
		HideSolutionNode = FALSE
	EndGlobalSection
	GlobalSection(NestedProjects) = preSolution
		{CD08AE72-7F29-4166-8FDA-94771CC55B3A} = {966F6F3F-DCC9-419E-9272-69BC4EF316E1}
		{B2A7096F-95D3-4EFA-AFE1-6477AE78CAE0} = {966F6F3F-DCC9-419E-9272-69BC4EF316E1}
		{4E476500-3CD6-4744-B0AE-D69DC400CAB4} = {0AF98CE5-4505-4023-82E6-74F773D34C3E}
	EndGlobalSection
	GlobalSection(ExtensibilityGlobals) = postSolution
		SolutionGuid = {A8266D0C-4B25-4DD7-8B28-EA3434ADC728}
	EndGlobalSection
EndGlobal
